Microsoft Visual Studio Solution File, Format Version 11.00
# Visual Studio 2008

Project("{8DCA8CF0-013E-8145-C56E-7B0D1CDC4B5B}") = "Little Angeles", "Assembly-CSharp.csproj", "{D55AA5AC-774F-6B35-525E-EDE29B7EC06C}"
EndProject
Project("{8DCA8CF0-013E-8145-C56E-7B0D1CDC4B5B}") = "Little Angeles", "Assembly-CSharp-Editor.csproj", "{759E1F96-E651-50B0-B7CC-3A484F6C2D9F}"
EndProject
Global
	GlobalSection(SolutionConfigurationPlatforms) = preSolution
		Debug|Any CPU = Debug|Any CPU
		Release|Any CPU = Release|Any CPU
	EndGlobalSection
	GlobalSection(ProjectConfigurationPlatforms) = postSolution
		{D55AA5AC-774F-6B35-525E-EDE29B7EC06C}.Debug|Any CPU.ActiveCfg = Debug|Any CPU
		{D55AA5AC-774F-6B35-525E-EDE29B7EC06C}.Debug|Any CPU.Build.0 = Debug|Any CPU
		{D55AA5AC-774F-6B35-525E-EDE29B7EC06C}.Release|Any CPU.ActiveCfg = Release|Any CPU
		{D55AA5AC-774F-6B35-525E-EDE29B7EC06C}.Release|Any CPU.Build.0 = Release|Any CPU
		{759E1F96-E651-50B0-B7CC-3A484F6C2D9F}.Debug|Any CPU.ActiveCfg = Debug|Any CPU
		{759E1F96-E651-50B0-B7CC-3A484F6C2D9F}.Debug|Any CPU.Build.0 = Debug|Any CPU
		{759E1F96-E651-50B0-B7CC-3A484F6C2D9F}.Release|Any CPU.ActiveCfg = Release|Any CPU
		{759E1F96-E651-50B0-B7CC-3A484F6C2D9F}.Release|Any CPU.Build.0 = Release|Any CPU
	EndGlobalSection
	GlobalSection(SolutionProperties) = preSolution
		HideSolutionNode = FALSE
	EndGlobalSection
	GlobalSection(MonoDevelopProperties) = preSolution
		StartupItem = Assembly-CSharp.csproj
	EndGlobalSection
EndGlobal
